
Microsoft Visual Studio Solution File, Format Version 12.00
# Visual Studio Version 16
VisualStudioVersion = 16.0.30330.147
MinimumVisualStudioVersion = 10.0.40219.1
Project("{9A19103F-16F7-4668-BE54-9A1E7A4F7556}") = "Huffman", "Hoffman\Huffman.csproj", "{2F67EECB-AE67-4CC4-BD7D-57690ABB3D0F}"
EndProject
Project("{9A19103F-16F7-4668-BE54-9A1E7A4F7556}") = "Huffman.Nunit", "Huffman.Nunit\Huffman.Nunit.csproj", "{FFE486C6-912B-4327-9B8D-F77A045958C8}"
EndProject
Project("{FAE04EC0-301F-11D3-BF4B-00C04F79EFBC}") = "HuffmanApplication", "HuffmanApplication\HuffmanApplication.csproj", "{95603DE4-205A-4A87-A31F-C9687C222C50}"
EndProject
Global
	GlobalSection(SolutionConfigurationPlatforms) = preSolution
		Debug|Any CPU = Debug|Any CPU
		Release|Any CPU = Release|Any CPU
	EndGlobalSection
	GlobalSection(ProjectConfigurationPlatforms) = postSolution
		{2F67EECB-AE67-4CC4-BD7D-57690ABB3D0F}.Debug|Any CPU.ActiveCfg = Debug|Any CPU
		{2F67EECB-AE67-4CC4-BD7D-57690ABB3D0F}.Debug|Any CPU.Build.0 = Debug|Any CPU
		{2F67EECB-AE67-4CC4-BD7D-57690ABB3D0F}.Release|Any CPU.ActiveCfg = Release|Any CPU
		{2F67EECB-AE67-4CC4-BD7D-57690ABB3D0F}.Release|Any CPU.Build.0 = Release|Any CPU
		{FFE486C6-912B-4327-9B8D-F77A045958C8}.Debug|Any CPU.ActiveCfg = Debug|Any CPU
		{FFE486C6-912B-4327-9B8D-F77A045958C8}.Debug|Any CPU.Build.0 = Debug|Any CPU
		{FFE486C6-912B-4327-9B8D-F77A045958C8}.Release|Any CPU.ActiveCfg = Release|Any CPU
		{FFE486C6-912B-4327-9B8D-F77A045958C8}.Release|Any CPU.Build.0 = Release|Any CPU
		{95603DE4-205A-4A87-A31F-C9687C222C50}.Debug|Any CPU.ActiveCfg = Debug|Any CPU
		{95603DE4-205A-4A87-A31F-C9687C222C50}.Debug|Any CPU.Build.0 = Debug|Any CPU
		{95603DE4-205A-4A87-A31F-C9687C222C50}.Release|Any CPU.ActiveCfg = Release|Any CPU
		{95603DE4-205A-4A87-A31F-C9687C222C50}.Release|Any CPU.Build.0 = Release|Any CPU
	EndGlobalSection
	GlobalSection(SolutionProperties) = preSolution
		HideSolutionNode = FALSE
	EndGlobalSection
	GlobalSection(ExtensibilityGlobals) = postSolution
		SolutionGuid = {05C5985B-85B8-4E03-812C-B42FBF4D5801}
	EndGlobalSection
EndGlobal
